
Microsoft Visual Studio Solution File, Format Version 11.00
# Visual Studio 2010
# SharpDevelop 4.4
Project("{FD48973F-F585-4F70-812B-4D0503B36CE9}") = "Strint1", "Strint1\Strint1.pyproj", "{13FBF125-B24F-4FFF-B8F5-34F6D0D8CE9C}"
EndProject
Global
	GlobalSection(SolutionConfigurationPlatforms) = preSolution
		Debug|Any CPU = Debug|Any CPU
		Release|Any CPU = Release|Any CPU
	EndGlobalSection
	GlobalSection(ProjectConfigurationPlatforms) = postSolution
		{13FBF125-B24F-4FFF-B8F5-34F6D0D8CE9C}.Debug|Any CPU.Build.0 = Debug|Any CPU
		{13FBF125-B24F-4FFF-B8F5-34F6D0D8CE9C}.Debug|Any CPU.ActiveCfg = Debug|Any CPU
		{13FBF125-B24F-4FFF-B8F5-34F6D0D8CE9C}.Release|Any CPU.Build.0 = Release|Any CPU
		{13FBF125-B24F-4FFF-B8F5-34F6D0D8CE9C}.Release|Any CPU.ActiveCfg = Release|Any CPU
	EndGlobalSection
EndGlobal
