
Microsoft Visual Studio Solution File, Format Version 11.00
# Visual Studio 2010
# SharpDevelop 4.4
Project("{FD48973F-F585-4F70-812B-4D0503B36CE9}") = "Pg485shadedesigner", "Pg485shadedesigner\Pg485shadedesigner.pyproj", "{C22A96F1-3E97-4F10-8340-CB4E3BA7B612}"
EndProject
Global
	GlobalSection(SolutionConfigurationPlatforms) = preSolution
		Debug|Any CPU = Debug|Any CPU
		Release|Any CPU = Release|Any CPU
	EndGlobalSection
	GlobalSection(ProjectConfigurationPlatforms) = postSolution
		{C22A96F1-3E97-4F10-8340-CB4E3BA7B612}.Debug|Any CPU.Build.0 = Debug|Any CPU
		{C22A96F1-3E97-4F10-8340-CB4E3BA7B612}.Debug|Any CPU.ActiveCfg = Debug|Any CPU
		{C22A96F1-3E97-4F10-8340-CB4E3BA7B612}.Release|Any CPU.Build.0 = Release|Any CPU
		{C22A96F1-3E97-4F10-8340-CB4E3BA7B612}.Release|Any CPU.ActiveCfg = Release|Any CPU
	EndGlobalSection
EndGlobal
