
Microsoft Visual Studio Solution File, Format Version 11.00
# Visual Studio 2010
# SharpDevelop 4.4
Project("{FD48973F-F585-4F70-812B-4D0503B36CE9}") = "Prog122b", "Prog122b\Prog122b.pyproj", "{0D8F0D65-523D-4BF0-9482-CF81923CAC56}"
EndProject
Global
	GlobalSection(SolutionConfigurationPlatforms) = preSolution
		Debug|Any CPU = Debug|Any CPU
		Release|Any CPU = Release|Any CPU
	EndGlobalSection
	GlobalSection(ProjectConfigurationPlatforms) = postSolution
		{0D8F0D65-523D-4BF0-9482-CF81923CAC56}.Debug|Any CPU.Build.0 = Debug|Any CPU
		{0D8F0D65-523D-4BF0-9482-CF81923CAC56}.Debug|Any CPU.ActiveCfg = Debug|Any CPU
		{0D8F0D65-523D-4BF0-9482-CF81923CAC56}.Release|Any CPU.Build.0 = Release|Any CPU
		{0D8F0D65-523D-4BF0-9482-CF81923CAC56}.Release|Any CPU.ActiveCfg = Release|Any CPU
	EndGlobalSection
EndGlobal
