
Microsoft Visual Studio Solution File, Format Version 11.00
# Visual Studio 2010
# SharpDevelop 4.4
Project("{FD48973F-F585-4F70-812B-4D0503B36CE9}") = "Pg447MenuDemo", "Pg447MenuDemo\Pg447MenuDemo.pyproj", "{EAA6AC37-EBB5-400A-B8E7-29DEEB8FCBA2}"
EndProject
Global
	GlobalSection(SolutionConfigurationPlatforms) = preSolution
		Debug|Any CPU = Debug|Any CPU
		Release|Any CPU = Release|Any CPU
	EndGlobalSection
	GlobalSection(ProjectConfigurationPlatforms) = postSolution
		{EAA6AC37-EBB5-400A-B8E7-29DEEB8FCBA2}.Debug|Any CPU.Build.0 = Debug|Any CPU
		{EAA6AC37-EBB5-400A-B8E7-29DEEB8FCBA2}.Debug|Any CPU.ActiveCfg = Debug|Any CPU
		{EAA6AC37-EBB5-400A-B8E7-29DEEB8FCBA2}.Release|Any CPU.Build.0 = Release|Any CPU
		{EAA6AC37-EBB5-400A-B8E7-29DEEB8FCBA2}.Release|Any CPU.ActiveCfg = Release|Any CPU
	EndGlobalSection
EndGlobal
