
Microsoft Visual Studio Solution File, Format Version 11.00
# Visual Studio 2010
# SharpDevelop 4.4
Project("{FD48973F-F585-4F70-812B-4D0503B36CE9}") = "Pg484skateboarddesigner", "Pg484skateboarddesigner\Pg484skateboarddesigner.pyproj", "{1389D6B9-1BC8-44D9-AB91-E66F8CFFE5CF}"
EndProject
Global
	GlobalSection(SolutionConfigurationPlatforms) = preSolution
		Debug|Any CPU = Debug|Any CPU
		Release|Any CPU = Release|Any CPU
	EndGlobalSection
	GlobalSection(ProjectConfigurationPlatforms) = postSolution
		{1389D6B9-1BC8-44D9-AB91-E66F8CFFE5CF}.Debug|Any CPU.Build.0 = Debug|Any CPU
		{1389D6B9-1BC8-44D9-AB91-E66F8CFFE5CF}.Debug|Any CPU.ActiveCfg = Debug|Any CPU
		{1389D6B9-1BC8-44D9-AB91-E66F8CFFE5CF}.Release|Any CPU.Build.0 = Release|Any CPU
		{1389D6B9-1BC8-44D9-AB91-E66F8CFFE5CF}.Release|Any CPU.ActiveCfg = Release|Any CPU
	EndGlobalSection
EndGlobal
